// !$*UTF8*$!
{
	archiveVersion = 1;
	classes = {
	};
	objectVersion = 50;
	objects = {

/* Begin PBXBuildFile section */
		C26EDAF92119A3B60062EC16 /* AppDelegate.swift in Sources */ = {isa = PBXBuildFile; fileRef = C26EDAF82119A3B60062EC16 /* AppDelegate.swift */; };
		C26EDAFB2119A3B60062EC16 /* ViewController.swift in Sources */ = {isa = PBXBuildFile; fileRef = C26EDAFA2119A3B60062EC16 /* ViewController.swift */; };
		C26EDAFE2119A3B60062EC16 /* Main.storyboard in Resources */ = {isa = PBXBuildFile; fileRef = C26EDAFC2119A3B60062EC16 /* Main.storyboard */; };
		C26EDB002119A3B80062EC16 /* Assets.xcassets in Resources */ = {isa = PBXBuildFile; fileRef = C26EDAFF2119A3B80062EC16 /* Assets.xcassets */; };
		C26EDB032119A3B80062EC16 /* LaunchScreen.storyboard in Resources */ = {isa = PBXBuildFile; fileRef = C26EDB012119A3B80062EC16 /* LaunchScreen.storyboard */; };
		C26EDB0B2119A3FB0062EC16 /* SecondViewController.swift in Sources */ = {isa = PBXBuildFile; fileRef = C26EDB0A2119A3FB0062EC16 /* SecondViewController.swift */; };
		C26EDB0D2119A4320062EC16 /* ThirdViewController.swift in Sources */ = {isa = PBXBuildFile; fileRef = C26EDB0C2119A4320062EC16 /* ThirdViewController.swift */; };
		C26EDB0F2119CF0B0062EC16 /* FourthViewController.swift in Sources */ = {isa = PBXBuildFile; fileRef = C26EDB0E2119CF0B0062EC16 /* FourthViewController.swift */; };
/* End PBXBuildFile section */

/* Begin PBXFileReference section */
		C26EDAF52119A3B60062EC16 /* HelloGitTest.app */ = {isa = PBXFileReference; explicitFileType = wrapper.application; includeInIndex = 0; path = HelloGitTest.app; sourceTree = BUILT_PRODUCTS_DIR; };
		C26EDAF82119A3B60062EC16 /* AppDelegate.swift */ = {isa = PBXFileReference; lastKnownFileType = sourcecode.swift; path = AppDelegate.swift; sourceTree = "<group>"; };
		C26EDAFA2119A3B60062EC16 /* ViewController.swift */ = {isa = PBXFileReference; lastKnownFileType = sourcecode.swift; path = ViewController.swift; sourceTree = "<group>"; };
		C26EDAFD2119A3B60062EC16 /* Base */ = {isa = PBXFileReference; lastKnownFileType = file.storyboard; name = Base; path = Base.lproj/Main.storyboard; sourceTree = "<group>"; };
		C26EDAFF2119A3B80062EC16 /* Assets.xcassets */ = {isa = PBXFileReference; lastKnownFileType = folder.assetcatalog; path = Assets.xcassets; sourceTree = "<group>"; };
		C26EDB022119A3B80062EC16 /* Base */ = {isa = PBXFileReference; lastKnownFileType = file.storyboard; name = Base; path = Base.lproj/LaunchScreen.storyboard; sourceTree = "<group>"; };
		C26EDB042119A3B80062EC16 /* Info.plist */ = {isa = PBXFileReference; lastKnownFileType = text.plist.xml; path = Info.plist; sourceTree = "<group>"; };
		C26EDB0A2119A3FB0062EC16 /* SecondViewController.swift */ = {isa = PBXFileReference; lastKnownFileType = sourcecode.swift; path = SecondViewController.swift; sourceTree = "<group>"; };
		C26EDB0C2119A4320062EC16 /* ThirdViewController.swift */ = {isa = PBXFileReference; lastKnownFileType = sourcecode.swift; path = ThirdViewController.swift; sourceTree = "<group>"; };
		C26EDB0E2119CF0B0062EC16 /* FourthViewController.swift */ = {isa = PBXFileReference; lastKnownFileType = sourcecode.swift; path = FourthViewController.swift; sourceTree = "<group>"; };
/* End PBXFileReference section */

/* Begin PBXFrameworksBuildPhase section */
		C26EDAF22119A3B60062EC16 /* Frameworks */ = {
			isa = PBXFrameworksBuildPhase;
			buildActionMask = 2147483647;
			files = (
			);
			runOnlyForDeploymentPostprocessing = 0;
		};
/* End PBXFrameworksBuildPhase section */

/* Begin PBXGroup section */
		C26EDAEC2119A3B60062EC16 = {
			isa = PBXGroup;
			children = (
				C26EDAF72119A3B60062EC16 /* HelloGitTest */,
				C26EDAF62119A3B60062EC16 /* Products */,
			);
			sourceTree = "<group>";
		};
		C26EDAF62119A3B60062EC16 /* Products */ = {
			isa = PBXGroup;
			children = (
				C26EDAF52119A3B60062EC16 /* HelloGitTest.app */,
			);
			name = Products;
			sourceTree = "<group>";
		};
		C26EDAF72119A3B60062EC16 /* HelloGitTest */ = {
			isa = PBXGroup;
			children = (
				C26EDAF82119A3B60062EC16 /* AppDelegate.swift */,
				C26EDAFA2119A3B60062EC16 /* ViewController.swift */,
				C26EDB0A2119A3FB0062EC16 /* SecondViewController.swift */,
				C26EDB0C2119A4320062EC16 /* ThirdViewController.swift */,
				C26EDB0E2119CF0B0062EC16 /* FourthViewController.swift */,
				C26EDAFC2119A3B60062EC16 /* Main.storyboard */,
				C26EDAFF2119A3B80062EC16 /* Assets.xcassets */,
				C26EDB012119A3B80062EC16 /* LaunchScreen.storyboard */,
				C26EDB042119A3B80062EC16 /* Info.plist */,
			);
			path = HelloGitTest;
			sourceTree = "<group>";
		};
/* End PBXGroup section */

/* Begin PBXNativeTarget section */
		C26EDAF42119A3B60062EC16 /* HelloGitTest */ = {
			isa = PBXNativeTarget;
			buildConfigurationList = C26EDB072119A3B80062EC16 /* Build configuration list for PBXNativeTarget "HelloGitTest" */;
			buildPhases = (
				C26EDAF12119A3B60062EC16 /* Sources */,
				C26EDAF22119A3B60062EC16 /* Frameworks */,
				C26EDAF32119A3B60062EC16 /* Resources */,
			);
			buildRules = (
			);
			dependencies = (
			);
			name = HelloGitTest;
			productName = HelloGitTest;
			productReference = C26EDAF52119A3B60062EC16 /* HelloGitTest.app */;
			productType = "com.apple.product-type.application";
		};
/* End PBXNativeTarget section */

/* Begin PBXProject section */
		C26EDAED2119A3B60062EC16 /* Project object */ = {
			isa = PBXProject;
			attributes = {
				LastSwiftUpdateCheck = 0940;
				LastUpgradeCheck = 0940;
				ORGANIZATIONNAME = LMS;
				TargetAttributes = {
					C26EDAF42119A3B60062EC16 = {
						CreatedOnToolsVersion = 9.4;
					};
				};
			};
			buildConfigurationList = C26EDAF02119A3B60062EC16 /* Build configuration list for PBXProject "HelloGitTest" */;
			compatibilityVersion = "Xcode 9.3";
			developmentRegion = en;
			hasScannedForEncodings = 0;
			knownRegions = (
				en,
				Base,
			);
			mainGroup = C26EDAEC2119A3B60062EC16;
			productRefGroup = C26EDAF62119A3B60062EC16 /* Products */;
			projectDirPath = "";
			projectRoot = "";
			targets = (
				C26EDAF42119A3B60062EC16 /* HelloGitTest */,
			);
		};
/* End PBXProject section */

/* Begin PBXResourcesBuildPhase section */
		C26EDAF32119A3B60062EC16 /* Resources */ = {
			isa = PBXResourcesBuildPhase;
			buildActionMask = 2147483647;
			files = (
				C26EDB032119A3B80062EC16 /* LaunchScreen.storyboard in Resources */,
				C26EDB002119A3B80062EC16 /* Assets.xcassets in Resources */,
				C26EDAFE2119A3B60062EC16 /* Main.storyboard in Resources */,
			);
			runOnlyForDeploymentPostprocessing = 0;
		};
/* End PBXResourcesBuildPhase section */

/* Begin PBXSourcesBuildPhase section */
		C26EDAF12119A3B60062EC16 /* Sources */ = {
			isa = PBXSourcesBuildPhase;
			buildActionMask = 2147483647;
			files = (
				C26EDB0B2119A3FB0062EC16 /* SecondViewController.swift in Sources */,
				C26EDAFB2119A3B60062EC16 /* ViewController.swift in Sources */,
				C26EDB0D2119A4320062EC16 /* ThirdViewController.swift in Sources */,
				C26EDAF92119A3B60062EC16 /* AppDelegate.swift in Sources */,
				C26EDB0F2119CF0B0062EC16 /* FourthViewController.swift in Sources */,
			);
			runOnlyForDeploymentPostprocessing = 0;
		};
/* End PBXSourcesBuildPhase section */

/* Begin PBXVariantGroup section */
		C26EDAFC2119A3B60062EC16 /* Main.storyboard */ = {
			isa = PBXVariantGroup;
			children = (
				C26EDAFD2119A3B60062EC16 /* Base */,
			);
			name = Main.storyboard;
			sourceTree = "<group>";
		};
		C26EDB012119A3B80062EC16 /* LaunchScreen.storyboard */ = {
			isa = PBXVariantGroup;
			children = (
				C26EDB022119A3B80062EC16 /* Base */,
			);
			name = LaunchScreen.storyboard;
			sourceTree = "<group>";
		};
/* End PBXVariantGroup section */

/* Begin XCBuildConfiguration section */
		C26EDB052119A3B80062EC16 /* Debug */ = {
			isa = XCBuildConfiguration;
			buildSettings = {
				ALWAYS_SEARCH_USER_PATHS = NO;
				CLANG_ANALYZER_NONNULL = YES;
				CLANG_ANALYZER_NUMBER_OBJECT_CONVERSION = YES_AGGRESSIVE;
				CLANG_CXX_LANGUAGE_STANDARD = "gnu++14";
				CLANG_CXX_LIBRARY = "libc++";
				CLANG_ENABLE_MODULES = YES;
				CLANG_ENABLE_OBJC_ARC = YES;
				CLANG_ENABLE_OBJC_WEAK = YES;
				CLANG_WARN_BLOCK_CAPTURE_AUTORELEASING = YES;
				CLANG_WARN_BOOL_CONVERSION = YES;
				CLANG_WARN_COMMA = YES;
				CLANG_WARN_CONSTANT_CONVERSION = YES;
				CLANG_WARN_DEPRECATED_OBJC_IMPLEMENTATIONS = YES;
				CLANG_WARN_DIRECT_OBJC_ISA_USAGE = YES_ERROR;
				CLANG_WARN_DOCUMENTATION_COMMENTS = YES;
				CLANG_WARN_EMPTY_BODY = YES;
				CLANG_WARN_ENUM_CONVERSION = YES;
				CLANG_WARN_INFINITE_RECURSION = YES;
				CLANG_WARN_INT_CONVERSION = YES;
				CLANG_WARN_NON_LITERAL_NULL_CONVERSION = YES;
				CLANG_WARN_OBJC_IMPLICIT_RETAIN_SELF = YES;
				CLANG_WARN_OBJC_LITERAL_CONVERSION = YES;
				CLANG_WARN_OBJC_ROOT_CLASS = YES_ERROR;
				CLANG_WARN_RANGE_LOOP_ANALYSIS = YES;
				CLANG_WARN_STRICT_PROTOTYPES = YES;
				CLANG_WARN_SUSPICIOUS_MOVE = YES;
				CLANG_WARN_UNGUARDED_AVAILABILITY = YES_AGGRESSIVE;
				CLANG_WARN_UNREACHABLE_CODE = YES;
				CLANG_WARN__DUPLICATE_METHOD_MATCH = YES;
				CODE_SIGN_IDENTITY = "iPhone Developer";
				COPY_PHASE_STRIP = NO;
				DEBUG_INFORMATION_FORMAT = dwarf;
				ENABLE_STRICT_OBJC_MSGSEND = YES;
				ENABLE_TESTABILITY = YES;
				GCC_C_LANGUAGE_STANDARD = gnu11;
				GCC_DYNAMIC_NO_PIC = NO;
				GCC_NO_COMMON_BLOCKS = YES;
				GCC_OPTIMIZATION_LEVEL = 0;
				GCC_PREPROCESSOR_DEFINITIONS = (
					"DEBUG=1",
					"$(inherited)",
				);
				GCC_WARN_64_TO_32_BIT_CONVERSION = YES;
				GCC_WARN_ABOUT_RETURN_TYPE = YES_ERROR;
				GCC_WARN_UNDECLARED_SELECTOR = YES;
				GCC_WARN_UNINITIALIZED_AUTOS = YES_AGGRESSIVE;
				GCC_WARN_UNUSED_FUNCTION = YES;
				GCC_WARN_UNUSED_VARIABLE = YES;
				IPHONEOS_DEPLOYMENT_TARGET = 11.4;
				MTL_ENABLE_DEBUG_INFO = YES;
				ONLY_ACTIVE_ARCH = YES;
				SDKROOT = iphoneos;
				SWIFT_ACTIVE_COMPILATION_CONDITIONS = DEBUG;
				SWIFT_OPTIMIZATION_LEVEL = "-Onone";
			};
			name = Debug;
		};
		C26EDB062119A3B80062EC16 /* Release */ = {
			isa = XCBuildConfiguration;
			buildSettings = {
				ALWAYS_SEARCH_USER_PATHS = NO;
				CLANG_ANALYZER_NONNULL = YES;
				CLANG_ANALYZER_NUMBER_OBJECT_CONVERSION = YES_AGGRESSIVE;
				CLANG_CXX_LANGUAGE_STANDARD = "gnu++14";
				CLANG_CXX_LIBRARY = "libc++";
				CLANG_ENABLE_MODULES = YES;
				CLANG_ENABLE_OBJC_ARC = YES;
				CLANG_ENABLE_OBJC_WEAK = YES;
				CLANG_WARN_BLOCK_CAPTURE_AUTORELEASING = YES;
				CLANG_WARN_BOOL_CONVERSION = YES;
				CLANG_WARN_COMMA = YES;
				CLANG_WARN_CONSTANT_CONVERSION = YES;
				CLANG_WARN_DEPRECATED_OBJC_IMPLEMENTATIONS = YES;
				CLANG_WARN_DIRECT_OBJC_ISA_USAGE = YES_ERROR;
				CLANG_WARN_DOCUMENTATION_COMMENTS = YES;
				CLANG_WARN_EMPTY_BODY = YES;
				CLANG_WARN_ENUM_CONVERSION = YES;
				CLANG_WARN_INFINITE_RECURSION = YES;
				CLANG_WARN_INT_CONVERSION = YES;
				CLANG_WARN_NON_LITERAL_NULL_CONVERSION = YES;
				CLANG_WARN_OBJC_IMPLICIT_RETAIN_SELF = YES;
				CLANG_WARN_OBJC_LITERAL_CONVERSION = YES;
				CLANG_WARN_OBJC_ROOT_CLASS = YES_ERROR;
				CLANG_WARN_RANGE_LOOP_ANALYSIS = YES;
				CLANG_WARN_STRICT_PROTOTYPES = YES;
				CLANG_WARN_SUSPICIOUS_MOVE = YES;
				CLANG_WARN_UNGUARDED_AVAILABILITY = YES_AGGRESSIVE;
				CLANG_WARN_UNREACHABLE_CODE = YES;
				CLANG_WARN__DUPLICATE_METHOD_MATCH = YES;
				CODE_SIGN_IDENTITY = "iPhone Developer";
				COPY_PHASE_STRIP = NO;
				DEBUG_INFORMATION_FORMAT = "dwarf-with-dsym";
				ENABLE_NS_ASSERTIONS = NO;
				ENABLE_STRICT_OBJC_MSGSEND = YES;
				GCC_C_LANGUAGE_STANDARD = gnu11;
				GCC_NO_COMMON_BLOCKS = YES;
				GCC_WARN_64_TO_32_BIT_CONVERSION = YES;
				GCC_WARN_ABOUT_RETURN_TYPE = YES_ERROR;
				GCC_WARN_UNDECLARED_SELECTOR = YES;
				GCC_WARN_UNINITIALIZED_AUTOS = YES_AGGRESSIVE;
				GCC_WARN_UNUSED_FUNCTION = YES;
				GCC_WARN_UNUSED_VARIABLE = YES;
				IPHONEOS_DEPLOYMENT_TARGET = 11.4;
				MTL_ENABLE_DEBUG_INFO = NO;
				SDKROOT = iphoneos;
				SWIFT_COMPILATION_MODE = wholemodule;
				SWIFT_OPTIMIZATION_LEVEL = "-O";
				VALIDATE_PRODUCT = YES;
			};
			name = Release;
		};
		C26EDB082119A3B80062EC16 /* Debug */ = {
			isa = XCBuildConfiguration;
			buildSettings = {
				ASSETCATALOG_COMPILER_APPICON_NAME = AppIcon;
				CODE_SIGN_STYLE = Automatic;
				INFOPLIST_FILE = HelloGitTest/Info.plist;
				LD_RUNPATH_SEARCH_PATHS = (
					"$(inherited)",
					"@executable_path/Frameworks",
				);
				PRODUCT_BUNDLE_IDENTIFIER = lmsin.com.HelloGitTest;
				PRODUCT_NAME = "$(TARGET_NAME)";
				SWIFT_VERSION = 4.0;
				TARGETED_DEVICE_FAMILY = "1,2";
			};
			name = Debug;
		};
		C26EDB092119A3B80062EC16 /* Release */ = {
			isa = XCBuildConfiguration;
			buildSettings = {
				ASSETCATALOG_COMPILER_APPICON_NAME = AppIcon;
				CODE_SIGN_STYLE = Automatic;
				INFOPLIST_FILE = HelloGitTest/Info.plist;
				LD_RUNPATH_SEARCH_PATHS = (
					"$(inherited)",
					"@executable_path/Frameworks",
				);
				PRODUCT_BUNDLE_IDENTIFIER = lmsin.com.HelloGitTest;
				PRODUCT_NAME = "$(TARGET_NAME)";
				SWIFT_VERSION = 4.0;
				TARGETED_DEVICE_FAMILY = "1,2";
			};
			name = Release;
		};
/* End XCBuildConfiguration section */

/* Begin XCConfigurationList section */
		C26EDAF02119A3B60062EC16 /* Build configuration list for PBXProject "HelloGitTest" */ = {
			isa = XCConfigurationList;
			buildConfigurations = (
				C26EDB052119A3B80062EC16 /* Debug */,
				C26EDB062119A3B80062EC16 /* Release */,
			);
			defaultConfigurationIsVisible = 0;
			defaultConfigurationName = Release;
		};
		C26EDB072119A3B80062EC16 /* Build configuration list for PBXNativeTarget "HelloGitTest" */ = {
			isa = XCConfigurationList;
			buildConfigurations = (
				C26EDB082119A3B80062EC16 /* Debug */,
				C26EDB092119A3B80062EC16 /* Release */,
			);
			defaultConfigurationIsVisible = 0;
			defaultConfigurationName = Release;
		};
/* End XCConfigurationList section */
	};
	rootObject = C26EDAED2119A3B60062EC16 /* Project object */;
}
